
Microsoft Visual Studio Solution File, Format Version 12.00
# Visual Studio Version 17
VisualStudioVersion = 17.5.33516.290
MinimumVisualStudioVersion = 10.0.40219.1
Project("{888888A0-9F3D-457C-B088-3A5042F75D52}") = "Tuplas", "Tuplas\Tuplas.pyproj", "{85D15D79-4EE8-4368-ACFD-2E78B7003EF9}"
EndProject
Global
	GlobalSection(SolutionConfigurationPlatforms) = preSolution
		Debug|Any CPU = Debug|Any CPU
		Release|Any CPU = Release|Any CPU
	EndGlobalSection
	GlobalSection(ProjectConfigurationPlatforms) = postSolution
		{85D15D79-4EE8-4368-ACFD-2E78B7003EF9}.Debug|Any CPU.ActiveCfg = Debug|Any CPU
		{85D15D79-4EE8-4368-ACFD-2E78B7003EF9}.Release|Any CPU.ActiveCfg = Release|Any CPU
	EndGlobalSection
	GlobalSection(SolutionProperties) = preSolution
		HideSolutionNode = FALSE
	EndGlobalSection
	GlobalSection(ExtensibilityGlobals) = postSolution
		SolutionGuid = {985EEF03-AE9F-4A90-8769-8DC140D75CA9}
	EndGlobalSection
EndGlobal
